
Microsoft Visual Studio Solution File, Format Version 12.00
# Visual Studio Version 16
VisualStudioVersion = 16.0.30907.101
MinimumVisualStudioVersion = 10.0.40219.1
Project("{FAE04EC0-301F-11D3-BF4B-00C04F79EFBC}") = "DesignPatternExample", "DesignPatternSample\DesignPatternExample.csproj", "{2AE5D561-83AF-441C-BC63-09F6C8989EAC}"
EndProject
Global
	GlobalSection(SolutionConfigurationPlatforms) = preSolution
		Debug|Any CPU = Debug|Any CPU
		Release|Any CPU = Release|Any CPU
	EndGlobalSection
	GlobalSection(ProjectConfigurationPlatforms) = postSolution
		{2AE5D561-83AF-441C-BC63-09F6C8989EAC}.Debug|Any CPU.ActiveCfg = Debug|Any CPU
		{2AE5D561-83AF-441C-BC63-09F6C8989EAC}.Debug|Any CPU.Build.0 = Debug|Any CPU
		{2AE5D561-83AF-441C-BC63-09F6C8989EAC}.Release|Any CPU.ActiveCfg = Release|Any CPU
		{2AE5D561-83AF-441C-BC63-09F6C8989EAC}.Release|Any CPU.Build.0 = Release|Any CPU
	EndGlobalSection
	GlobalSection(SolutionProperties) = preSolution
		HideSolutionNode = FALSE
	EndGlobalSection
	GlobalSection(ExtensibilityGlobals) = postSolution
		SolutionGuid = {469BF8E9-39B5-497C-9089-A005E93F2893}
	EndGlobalSection
EndGlobal
